
Microsoft Visual Studio Solution File, Format Version 12.00
# Visual Studio 15
VisualStudioVersion = 15.0.27703.2026
MinimumVisualStudioVersion = 10.0.40219.1
Project("{FAE04EC0-301F-11D3-BF4B-00C04F79EFBC}") = "AngularTest", "AngularTest\AngularTest.csproj", "{B1923A93-F7DD-4B9B-88BD-B76E2D369D11}"
EndProject
Project("{FAE04EC0-301F-11D3-BF4B-00C04F79EFBC}") = "DataAccessLayer", "DataAccessLayer\DataAccessLayer.csproj", "{11E6374A-4422-4FBA-980C-E49935B364F4}"
EndProject
Project("{FAE04EC0-301F-11D3-BF4B-00C04F79EFBC}") = "BusinessLogicLayer", "BusinessLogicLayer\BusinessLogicLayer.csproj", "{A21D1EB4-7CE8-4BAA-A86C-A8D05E616EE9}"
EndProject
Global
	GlobalSection(SolutionConfigurationPlatforms) = preSolution
		Debug|Any CPU = Debug|Any CPU
		Release|Any CPU = Release|Any CPU
	EndGlobalSection
	GlobalSection(ProjectConfigurationPlatforms) = postSolution
		{B1923A93-F7DD-4B9B-88BD-B76E2D369D11}.Debug|Any CPU.ActiveCfg = Debug|Any CPU
		{B1923A93-F7DD-4B9B-88BD-B76E2D369D11}.Debug|Any CPU.Build.0 = Debug|Any CPU
		{B1923A93-F7DD-4B9B-88BD-B76E2D369D11}.Release|Any CPU.ActiveCfg = Release|Any CPU
		{B1923A93-F7DD-4B9B-88BD-B76E2D369D11}.Release|Any CPU.Build.0 = Release|Any CPU
		{11E6374A-4422-4FBA-980C-E49935B364F4}.Debug|Any CPU.ActiveCfg = Debug|Any CPU
		{11E6374A-4422-4FBA-980C-E49935B364F4}.Debug|Any CPU.Build.0 = Debug|Any CPU
		{11E6374A-4422-4FBA-980C-E49935B364F4}.Release|Any CPU.ActiveCfg = Release|Any CPU
		{11E6374A-4422-4FBA-980C-E49935B364F4}.Release|Any CPU.Build.0 = Release|Any CPU
		{A21D1EB4-7CE8-4BAA-A86C-A8D05E616EE9}.Debug|Any CPU.ActiveCfg = Debug|Any CPU
		{A21D1EB4-7CE8-4BAA-A86C-A8D05E616EE9}.Debug|Any CPU.Build.0 = Debug|Any CPU
		{A21D1EB4-7CE8-4BAA-A86C-A8D05E616EE9}.Release|Any CPU.ActiveCfg = Release|Any CPU
		{A21D1EB4-7CE8-4BAA-A86C-A8D05E616EE9}.Release|Any CPU.Build.0 = Release|Any CPU
	EndGlobalSection
	GlobalSection(SolutionProperties) = preSolution
		HideSolutionNode = FALSE
	EndGlobalSection
	GlobalSection(ExtensibilityGlobals) = postSolution
		SolutionGuid = {3F15B5BA-1E38-4889-8DBE-29BE26A6511F}
	EndGlobalSection
EndGlobal
